
Microsoft Visual Studio Solution File, Format Version 12.00
# Visual Studio Version 17
VisualStudioVersion = 17.11.35208.52
MinimumVisualStudioVersion = 10.0.40219.1
Project("{9A19103F-16F7-4668-BE54-9A1E7A4F7556}") = "ApiPays", "ApiPays.csproj", "{1D370D67-64C1-4F06-908B-C24EE153B972}"
EndProject
Global
	GlobalSection(SolutionConfigurationPlatforms) = preSolution
		Debug|Any CPU = Debug|Any CPU
		Release|Any CPU = Release|Any CPU
	EndGlobalSection
	GlobalSection(ProjectConfigurationPlatforms) = postSolution
		{1D370D67-64C1-4F06-908B-C24EE153B972}.Debug|Any CPU.ActiveCfg = Debug|Any CPU
		{1D370D67-64C1-4F06-908B-C24EE153B972}.Debug|Any CPU.Build.0 = Debug|Any CPU
		{1D370D67-64C1-4F06-908B-C24EE153B972}.Release|Any CPU.ActiveCfg = Release|Any CPU
		{1D370D67-64C1-4F06-908B-C24EE153B972}.Release|Any CPU.Build.0 = Release|Any CPU
	EndGlobalSection
	GlobalSection(SolutionProperties) = preSolution
		HideSolutionNode = FALSE
	EndGlobalSection
	GlobalSection(ExtensibilityGlobals) = postSolution
		SolutionGuid = {79EDDF62-CAB9-4784-B5D7-AD0C9C1963DD}
	EndGlobalSection
EndGlobal
