
Microsoft Visual Studio Solution File, Format Version 12.00
# Visual Studio Version 17
VisualStudioVersion = 17.11.35219.272
MinimumVisualStudioVersion = 10.0.40219.1
Project("{FAE04EC0-301F-11D3-BF4B-00C04F79EFBC}") = "TrouveEmploiEvaluation", "TrouveEmploiEvaluation.csproj", "{77C74721-425C-4581-9821-A7A770CC5DEF}"
EndProject
Project("{FAE04EC0-301F-11D3-BF4B-00C04F79EFBC}") = "StagiaireLib", "..\StagiaireLib\StagiaireLib.csproj", "{A330F047-3F63-4144-BBD3-FC775A40A61E}"
EndProject
Global
	GlobalSection(SolutionConfigurationPlatforms) = preSolution
		Debug|Any CPU = Debug|Any CPU
		Release|Any CPU = Release|Any CPU
	EndGlobalSection
	GlobalSection(ProjectConfigurationPlatforms) = postSolution
		{77C74721-425C-4581-9821-A7A770CC5DEF}.Debug|Any CPU.ActiveCfg = Debug|Any CPU
		{77C74721-425C-4581-9821-A7A770CC5DEF}.Debug|Any CPU.Build.0 = Debug|Any CPU
		{77C74721-425C-4581-9821-A7A770CC5DEF}.Release|Any CPU.ActiveCfg = Release|Any CPU
		{77C74721-425C-4581-9821-A7A770CC5DEF}.Release|Any CPU.Build.0 = Release|Any CPU
		{A330F047-3F63-4144-BBD3-FC775A40A61E}.Debug|Any CPU.ActiveCfg = Debug|Any CPU
		{A330F047-3F63-4144-BBD3-FC775A40A61E}.Debug|Any CPU.Build.0 = Debug|Any CPU
		{A330F047-3F63-4144-BBD3-FC775A40A61E}.Release|Any CPU.ActiveCfg = Release|Any CPU
		{A330F047-3F63-4144-BBD3-FC775A40A61E}.Release|Any CPU.Build.0 = Release|Any CPU
	EndGlobalSection
	GlobalSection(SolutionProperties) = preSolution
		HideSolutionNode = FALSE
	EndGlobalSection
	GlobalSection(ExtensibilityGlobals) = postSolution
		SolutionGuid = {F29A9B0D-1886-408C-9A57-583F1CB0E254}
	EndGlobalSection
EndGlobal
