
Microsoft Visual Studio Solution File, Format Version 12.00
# Visual Studio Version 17
VisualStudioVersion = 17.11.35219.272
MinimumVisualStudioVersion = 10.0.40219.1
Project("{FAE04EC0-301F-11D3-BF4B-00C04F79EFBC}") = "GraouCalculateur", "GraouCalculateur\GraouCalculateur.csproj", "{A5BBA448-6705-4468-8061-59CF9D8715F8}"
EndProject
Project("{FAE04EC0-301F-11D3-BF4B-00C04F79EFBC}") = "ControleDeSaisie", "ControleDeSaisie\ControleDeSaisie.csproj", "{6B68110A-67A8-4614-A8C9-A90A09565257}"
	ProjectSection(ProjectDependencies) = postProject
		{E14B6250-4C2F-47C6-847F-DBDF82CBF9B0} = {E14B6250-4C2F-47C6-847F-DBDF82CBF9B0}
	EndProjectSection
EndProject
Project("{FAE04EC0-301F-11D3-BF4B-00C04F79EFBC}") = "ControlClass", "Transaction\ControlClass.csproj", "{E14B6250-4C2F-47C6-847F-DBDF82CBF9B0}"
EndProject
Project("{FAE04EC0-301F-11D3-BF4B-00C04F79EFBC}") = "CheckboxRadios", "CheckboxRadios\CheckboxRadios.csproj", "{7694834C-0E91-45EA-8E88-8696215FE700}"
EndProject
Project("{2150E333-8FDC-42A3-9474-1A3956D46DE8}") = "Controles", "Controles", "{D9EE4007-6658-4A24-A2D3-69539CEB8E80}"
EndProject
Project("{2150E333-8FDC-42A3-9474-1A3956D46DE8}") = "Calculatrice", "Calculatrice", "{79028512-2C33-420A-910B-57E828EECE92}"
EndProject
Project("{FAE04EC0-301F-11D3-BF4B-00C04F79EFBC}") = "ListBoxForms", "ListBoxForms\ListBoxForms.csproj", "{98907440-9AAE-498F-86DE-EBFF206C3053}"
EndProject
Project("{FAE04EC0-301F-11D3-BF4B-00C04F79EFBC}") = "ComboListForm", "ComboListForm\ComboListForm.csproj", "{C7336C0C-7048-4F5D-8AD7-0F246EFB64F7}"
EndProject
Project("{FAE04EC0-301F-11D3-BF4B-00C04F79EFBC}") = "UtilsForms", "UtilsForms\UtilsForms.csproj", "{971B4DD0-745F-41F5-8305-1FF7925B1417}"
EndProject
Project("{FAE04EC0-301F-11D3-BF4B-00C04F79EFBC}") = "Couleurs", "Couleurs\Couleurs.csproj", "{F82E3AF1-28AE-469E-A24A-3EBA039DF5BA}"
EndProject
Project("{2150E333-8FDC-42A3-9474-1A3956D46DE8}") = "Emprunts", "Emprunts", "{08885D0B-AEFF-4F96-8299-32163681FEDF}"
EndProject
Project("{FAE04EC0-301F-11D3-BF4B-00C04F79EFBC}") = "EmpruntsForm", "EmpruntsForm\EmpruntsForm.csproj", "{E818B60F-5E14-4B1B-92FE-FA33C496CCDC}"
EndProject
Project("{FAE04EC0-301F-11D3-BF4B-00C04F79EFBC}") = "BankLibrary", "BankLibrary\BankLibrary.csproj", "{43BC800D-08CD-4B97-A622-E08C1F85D0BE}"
EndProject
Project("{FAE04EC0-301F-11D3-BF4B-00C04F79EFBC}") = "MenuForm", "MenuForm\MenuForm.csproj", "{CEBAD954-C6FD-46EC-A707-92E6A8EA2677}"
EndProject
Project("{FAE04EC0-301F-11D3-BF4B-00C04F79EFBC}") = "ComponentsToutembal", "bob\ComponentsToutembal.csproj", "{04A269B4-A562-4AC2-AD58-236347272CFC}"
EndProject
Project("{2150E333-8FDC-42A3-9474-1A3956D46DE8}") = "ToutEmBalles", "ToutEmBalles", "{4903455C-33AD-4621-A873-23CE235D902A}"
EndProject
Project("{FAE04EC0-301F-11D3-BF4B-00C04F79EFBC}") = "ToutEnBalles", "ToutEnBalles\ToutEnBalles.csproj", "{CFE21132-7CFD-4952-AEF3-CFF3A5F0832F}"
EndProject
Project("{2150E333-8FDC-42A3-9474-1A3956D46DE8}") = "classesToutembal", "classesToutembal", "{F4FF1C48-050D-4FD3-AF39-9BDEE08840A8}"
EndProject
Project("{FAE04EC0-301F-11D3-BF4B-00C04F79EFBC}") = "ClassesToutembal", "ClassesToutembal\ClassesToutembal.csproj", "{847499E6-48C5-4494-B051-347E5A1FE13E}"
EndProject
Project("{2150E333-8FDC-42A3-9474-1A3956D46DE8}") = "ExosTermines", "ExosTermines", "{A347A6D8-2126-43F4-967C-6D130E1ED927}"
EndProject
Project("{9A19103F-16F7-4668-BE54-9A1E7A4F7556}") = "Wpfcontroles", "Wpfcontroles\Wpfcontroles.csproj", "{E033C4B0-383C-468F-9692-868AEA894A51}"
EndProject
Project("{9A19103F-16F7-4668-BE54-9A1E7A4F7556}") = "EmpruntsLeRetour", "EmpruntsLeRetour\EmpruntsLeRetour.csproj", "{934C16D7-3C6B-4EE6-A705-A0003E45E2BB}"
EndProject
Project("{9A19103F-16F7-4668-BE54-9A1E7A4F7556}") = "WpfLibraryBase", "WpfLibraryBase\WpfLibraryBase.csproj", "{A54211A1-3B57-44E3-B601-B386F6A99780}"
EndProject
Project("{9A19103F-16F7-4668-BE54-9A1E7A4F7556}") = "WpfAppEntity", "WpfAppEntity\WpfAppEntity.csproj", "{C0B8F4BF-3E66-42C0-8C24-BA16D4A0E57A}"
EndProject
Project("{2150E333-8FDC-42A3-9474-1A3956D46DE8}") = "CouchesEmpruntsLeRetour", "CouchesEmpruntsLeRetour", "{58D2E070-E655-4A70-BA4C-4EE3A38CD531}"
EndProject
Project("{9A19103F-16F7-4668-BE54-9A1E7A4F7556}") = "LoanMetier", "Loan\LoanMetier.csproj", "{725F536E-9548-4AAE-989E-E4B3093ACD10}"
EndProject
Project("{9A19103F-16F7-4668-BE54-9A1E7A4F7556}") = "InterfacePersistanceMetier", "InterfacePersistanceMetier\InterfacePersistanceMetier.csproj", "{AAA14442-2F78-48D7-B250-1ABAA913073A}"
EndProject
Project("{9A19103F-16F7-4668-BE54-9A1E7A4F7556}") = "Persistance", "Persistance\Persistance.csproj", "{BF3C713B-A9E5-4C1B-B04C-928F48EDC301}"
EndProject
Project("{2150E333-8FDC-42A3-9474-1A3956D46DE8}") = "Entity", "Entity", "{3E57ABCF-57BD-41B5-820D-9D4A7EFD8932}"
EndProject
Project("{9A19103F-16F7-4668-BE54-9A1E7A4F7556}") = "EntityModel", "EntityModel\EntityModel.csproj", "{7A63079A-C951-4D80-99CD-9C155F410738}"
EndProject
Project("{54435603-DBB4-11D2-8724-00A0C9A8B90C}") = "Setup1", "Setup1\Setup1.vdproj", "{D74DD40C-DE77-47F9-829E-90237D6263FC}"
EndProject
Global
	GlobalSection(SolutionConfigurationPlatforms) = preSolution
		Debug|Any CPU = Debug|Any CPU
		Release|Any CPU = Release|Any CPU
	EndGlobalSection
	GlobalSection(ProjectConfigurationPlatforms) = postSolution
		{A5BBA448-6705-4468-8061-59CF9D8715F8}.Debug|Any CPU.ActiveCfg = Debug|Any CPU
		{A5BBA448-6705-4468-8061-59CF9D8715F8}.Debug|Any CPU.Build.0 = Debug|Any CPU
		{A5BBA448-6705-4468-8061-59CF9D8715F8}.Release|Any CPU.ActiveCfg = Release|Any CPU
		{A5BBA448-6705-4468-8061-59CF9D8715F8}.Release|Any CPU.Build.0 = Release|Any CPU
		{6B68110A-67A8-4614-A8C9-A90A09565257}.Debug|Any CPU.ActiveCfg = Debug|Any CPU
		{6B68110A-67A8-4614-A8C9-A90A09565257}.Debug|Any CPU.Build.0 = Debug|Any CPU
		{6B68110A-67A8-4614-A8C9-A90A09565257}.Release|Any CPU.ActiveCfg = Release|Any CPU
		{6B68110A-67A8-4614-A8C9-A90A09565257}.Release|Any CPU.Build.0 = Release|Any CPU
		{E14B6250-4C2F-47C6-847F-DBDF82CBF9B0}.Debug|Any CPU.ActiveCfg = Debug|Any CPU
		{E14B6250-4C2F-47C6-847F-DBDF82CBF9B0}.Debug|Any CPU.Build.0 = Debug|Any CPU
		{E14B6250-4C2F-47C6-847F-DBDF82CBF9B0}.Release|Any CPU.ActiveCfg = Release|Any CPU
		{E14B6250-4C2F-47C6-847F-DBDF82CBF9B0}.Release|Any CPU.Build.0 = Release|Any CPU
		{7694834C-0E91-45EA-8E88-8696215FE700}.Debug|Any CPU.ActiveCfg = Debug|Any CPU
		{7694834C-0E91-45EA-8E88-8696215FE700}.Debug|Any CPU.Build.0 = Debug|Any CPU
		{7694834C-0E91-45EA-8E88-8696215FE700}.Release|Any CPU.ActiveCfg = Release|Any CPU
		{7694834C-0E91-45EA-8E88-8696215FE700}.Release|Any CPU.Build.0 = Release|Any CPU
		{98907440-9AAE-498F-86DE-EBFF206C3053}.Debug|Any CPU.ActiveCfg = Debug|Any CPU
		{98907440-9AAE-498F-86DE-EBFF206C3053}.Debug|Any CPU.Build.0 = Debug|Any CPU
		{98907440-9AAE-498F-86DE-EBFF206C3053}.Release|Any CPU.ActiveCfg = Release|Any CPU
		{98907440-9AAE-498F-86DE-EBFF206C3053}.Release|Any CPU.Build.0 = Release|Any CPU
		{C7336C0C-7048-4F5D-8AD7-0F246EFB64F7}.Debug|Any CPU.ActiveCfg = Debug|Any CPU
		{C7336C0C-7048-4F5D-8AD7-0F246EFB64F7}.Debug|Any CPU.Build.0 = Debug|Any CPU
		{C7336C0C-7048-4F5D-8AD7-0F246EFB64F7}.Release|Any CPU.ActiveCfg = Release|Any CPU
		{C7336C0C-7048-4F5D-8AD7-0F246EFB64F7}.Release|Any CPU.Build.0 = Release|Any CPU
		{971B4DD0-745F-41F5-8305-1FF7925B1417}.Debug|Any CPU.ActiveCfg = Debug|Any CPU
		{971B4DD0-745F-41F5-8305-1FF7925B1417}.Debug|Any CPU.Build.0 = Debug|Any CPU
		{971B4DD0-745F-41F5-8305-1FF7925B1417}.Release|Any CPU.ActiveCfg = Release|Any CPU
		{971B4DD0-745F-41F5-8305-1FF7925B1417}.Release|Any CPU.Build.0 = Release|Any CPU
		{F82E3AF1-28AE-469E-A24A-3EBA039DF5BA}.Debug|Any CPU.ActiveCfg = Debug|Any CPU
		{F82E3AF1-28AE-469E-A24A-3EBA039DF5BA}.Debug|Any CPU.Build.0 = Debug|Any CPU
		{F82E3AF1-28AE-469E-A24A-3EBA039DF5BA}.Release|Any CPU.ActiveCfg = Release|Any CPU
		{F82E3AF1-28AE-469E-A24A-3EBA039DF5BA}.Release|Any CPU.Build.0 = Release|Any CPU
		{E818B60F-5E14-4B1B-92FE-FA33C496CCDC}.Debug|Any CPU.ActiveCfg = Debug|Any CPU
		{E818B60F-5E14-4B1B-92FE-FA33C496CCDC}.Debug|Any CPU.Build.0 = Debug|Any CPU
		{E818B60F-5E14-4B1B-92FE-FA33C496CCDC}.Release|Any CPU.ActiveCfg = Release|Any CPU
		{E818B60F-5E14-4B1B-92FE-FA33C496CCDC}.Release|Any CPU.Build.0 = Release|Any CPU
		{43BC800D-08CD-4B97-A622-E08C1F85D0BE}.Debug|Any CPU.ActiveCfg = Debug|Any CPU
		{43BC800D-08CD-4B97-A622-E08C1F85D0BE}.Debug|Any CPU.Build.0 = Debug|Any CPU
		{43BC800D-08CD-4B97-A622-E08C1F85D0BE}.Release|Any CPU.ActiveCfg = Release|Any CPU
		{43BC800D-08CD-4B97-A622-E08C1F85D0BE}.Release|Any CPU.Build.0 = Release|Any CPU
		{CEBAD954-C6FD-46EC-A707-92E6A8EA2677}.Debug|Any CPU.ActiveCfg = Debug|Any CPU
		{CEBAD954-C6FD-46EC-A707-92E6A8EA2677}.Debug|Any CPU.Build.0 = Debug|Any CPU
		{CEBAD954-C6FD-46EC-A707-92E6A8EA2677}.Release|Any CPU.ActiveCfg = Release|Any CPU
		{CEBAD954-C6FD-46EC-A707-92E6A8EA2677}.Release|Any CPU.Build.0 = Release|Any CPU
		{04A269B4-A562-4AC2-AD58-236347272CFC}.Debug|Any CPU.ActiveCfg = Debug|Any CPU
		{04A269B4-A562-4AC2-AD58-236347272CFC}.Debug|Any CPU.Build.0 = Debug|Any CPU
		{04A269B4-A562-4AC2-AD58-236347272CFC}.Release|Any CPU.ActiveCfg = Release|Any CPU
		{04A269B4-A562-4AC2-AD58-236347272CFC}.Release|Any CPU.Build.0 = Release|Any CPU
		{CFE21132-7CFD-4952-AEF3-CFF3A5F0832F}.Debug|Any CPU.ActiveCfg = Debug|Any CPU
		{CFE21132-7CFD-4952-AEF3-CFF3A5F0832F}.Debug|Any CPU.Build.0 = Debug|Any CPU
		{CFE21132-7CFD-4952-AEF3-CFF3A5F0832F}.Release|Any CPU.ActiveCfg = Release|Any CPU
		{CFE21132-7CFD-4952-AEF3-CFF3A5F0832F}.Release|Any CPU.Build.0 = Release|Any CPU
		{847499E6-48C5-4494-B051-347E5A1FE13E}.Debug|Any CPU.ActiveCfg = Debug|Any CPU
		{847499E6-48C5-4494-B051-347E5A1FE13E}.Debug|Any CPU.Build.0 = Debug|Any CPU
		{847499E6-48C5-4494-B051-347E5A1FE13E}.Release|Any CPU.ActiveCfg = Release|Any CPU
		{847499E6-48C5-4494-B051-347E5A1FE13E}.Release|Any CPU.Build.0 = Release|Any CPU
		{E033C4B0-383C-468F-9692-868AEA894A51}.Debug|Any CPU.ActiveCfg = Debug|Any CPU
		{E033C4B0-383C-468F-9692-868AEA894A51}.Debug|Any CPU.Build.0 = Debug|Any CPU
		{E033C4B0-383C-468F-9692-868AEA894A51}.Release|Any CPU.ActiveCfg = Release|Any CPU
		{E033C4B0-383C-468F-9692-868AEA894A51}.Release|Any CPU.Build.0 = Release|Any CPU
		{934C16D7-3C6B-4EE6-A705-A0003E45E2BB}.Debug|Any CPU.ActiveCfg = Debug|Any CPU
		{934C16D7-3C6B-4EE6-A705-A0003E45E2BB}.Debug|Any CPU.Build.0 = Debug|Any CPU
		{934C16D7-3C6B-4EE6-A705-A0003E45E2BB}.Release|Any CPU.ActiveCfg = Release|Any CPU
		{934C16D7-3C6B-4EE6-A705-A0003E45E2BB}.Release|Any CPU.Build.0 = Release|Any CPU
		{A54211A1-3B57-44E3-B601-B386F6A99780}.Debug|Any CPU.ActiveCfg = Debug|Any CPU
		{A54211A1-3B57-44E3-B601-B386F6A99780}.Debug|Any CPU.Build.0 = Debug|Any CPU
		{A54211A1-3B57-44E3-B601-B386F6A99780}.Release|Any CPU.ActiveCfg = Release|Any CPU
		{A54211A1-3B57-44E3-B601-B386F6A99780}.Release|Any CPU.Build.0 = Release|Any CPU
		{C0B8F4BF-3E66-42C0-8C24-BA16D4A0E57A}.Debug|Any CPU.ActiveCfg = Debug|Any CPU
		{C0B8F4BF-3E66-42C0-8C24-BA16D4A0E57A}.Debug|Any CPU.Build.0 = Debug|Any CPU
		{C0B8F4BF-3E66-42C0-8C24-BA16D4A0E57A}.Release|Any CPU.ActiveCfg = Release|Any CPU
		{C0B8F4BF-3E66-42C0-8C24-BA16D4A0E57A}.Release|Any CPU.Build.0 = Release|Any CPU
		{725F536E-9548-4AAE-989E-E4B3093ACD10}.Debug|Any CPU.ActiveCfg = Debug|Any CPU
		{725F536E-9548-4AAE-989E-E4B3093ACD10}.Debug|Any CPU.Build.0 = Debug|Any CPU
		{725F536E-9548-4AAE-989E-E4B3093ACD10}.Release|Any CPU.ActiveCfg = Release|Any CPU
		{725F536E-9548-4AAE-989E-E4B3093ACD10}.Release|Any CPU.Build.0 = Release|Any CPU
		{AAA14442-2F78-48D7-B250-1ABAA913073A}.Debug|Any CPU.ActiveCfg = Debug|Any CPU
		{AAA14442-2F78-48D7-B250-1ABAA913073A}.Debug|Any CPU.Build.0 = Debug|Any CPU
		{AAA14442-2F78-48D7-B250-1ABAA913073A}.Release|Any CPU.ActiveCfg = Release|Any CPU
		{AAA14442-2F78-48D7-B250-1ABAA913073A}.Release|Any CPU.Build.0 = Release|Any CPU
		{BF3C713B-A9E5-4C1B-B04C-928F48EDC301}.Debug|Any CPU.ActiveCfg = Debug|Any CPU
		{BF3C713B-A9E5-4C1B-B04C-928F48EDC301}.Debug|Any CPU.Build.0 = Debug|Any CPU
		{BF3C713B-A9E5-4C1B-B04C-928F48EDC301}.Release|Any CPU.ActiveCfg = Release|Any CPU
		{BF3C713B-A9E5-4C1B-B04C-928F48EDC301}.Release|Any CPU.Build.0 = Release|Any CPU
		{7A63079A-C951-4D80-99CD-9C155F410738}.Debug|Any CPU.ActiveCfg = Debug|Any CPU
		{7A63079A-C951-4D80-99CD-9C155F410738}.Debug|Any CPU.Build.0 = Debug|Any CPU
		{7A63079A-C951-4D80-99CD-9C155F410738}.Release|Any CPU.ActiveCfg = Release|Any CPU
		{7A63079A-C951-4D80-99CD-9C155F410738}.Release|Any CPU.Build.0 = Release|Any CPU
		{D74DD40C-DE77-47F9-829E-90237D6263FC}.Debug|Any CPU.ActiveCfg = Debug
		{D74DD40C-DE77-47F9-829E-90237D6263FC}.Release|Any CPU.ActiveCfg = Release
	EndGlobalSection
	GlobalSection(SolutionProperties) = preSolution
		HideSolutionNode = FALSE
	EndGlobalSection
	GlobalSection(NestedProjects) = preSolution
		{A5BBA448-6705-4468-8061-59CF9D8715F8} = {79028512-2C33-420A-910B-57E828EECE92}
		{6B68110A-67A8-4614-A8C9-A90A09565257} = {D9EE4007-6658-4A24-A2D3-69539CEB8E80}
		{E14B6250-4C2F-47C6-847F-DBDF82CBF9B0} = {D9EE4007-6658-4A24-A2D3-69539CEB8E80}
		{7694834C-0E91-45EA-8E88-8696215FE700} = {A347A6D8-2126-43F4-967C-6D130E1ED927}
		{D9EE4007-6658-4A24-A2D3-69539CEB8E80} = {A347A6D8-2126-43F4-967C-6D130E1ED927}
		{79028512-2C33-420A-910B-57E828EECE92} = {A347A6D8-2126-43F4-967C-6D130E1ED927}
		{98907440-9AAE-498F-86DE-EBFF206C3053} = {A347A6D8-2126-43F4-967C-6D130E1ED927}
		{C7336C0C-7048-4F5D-8AD7-0F246EFB64F7} = {A347A6D8-2126-43F4-967C-6D130E1ED927}
		{971B4DD0-745F-41F5-8305-1FF7925B1417} = {A347A6D8-2126-43F4-967C-6D130E1ED927}
		{F82E3AF1-28AE-469E-A24A-3EBA039DF5BA} = {A347A6D8-2126-43F4-967C-6D130E1ED927}
		{08885D0B-AEFF-4F96-8299-32163681FEDF} = {A347A6D8-2126-43F4-967C-6D130E1ED927}
		{E818B60F-5E14-4B1B-92FE-FA33C496CCDC} = {08885D0B-AEFF-4F96-8299-32163681FEDF}
		{43BC800D-08CD-4B97-A622-E08C1F85D0BE} = {08885D0B-AEFF-4F96-8299-32163681FEDF}
		{CEBAD954-C6FD-46EC-A707-92E6A8EA2677} = {A347A6D8-2126-43F4-967C-6D130E1ED927}
		{4903455C-33AD-4621-A873-23CE235D902A} = {A347A6D8-2126-43F4-967C-6D130E1ED927}
		{CFE21132-7CFD-4952-AEF3-CFF3A5F0832F} = {4903455C-33AD-4621-A873-23CE235D902A}
		{F4FF1C48-050D-4FD3-AF39-9BDEE08840A8} = {A347A6D8-2126-43F4-967C-6D130E1ED927}
		{847499E6-48C5-4494-B051-347E5A1FE13E} = {F4FF1C48-050D-4FD3-AF39-9BDEE08840A8}
		{E033C4B0-383C-468F-9692-868AEA894A51} = {A347A6D8-2126-43F4-967C-6D130E1ED927}
		{C0B8F4BF-3E66-42C0-8C24-BA16D4A0E57A} = {A347A6D8-2126-43F4-967C-6D130E1ED927}
		{725F536E-9548-4AAE-989E-E4B3093ACD10} = {58D2E070-E655-4A70-BA4C-4EE3A38CD531}
		{AAA14442-2F78-48D7-B250-1ABAA913073A} = {58D2E070-E655-4A70-BA4C-4EE3A38CD531}
		{BF3C713B-A9E5-4C1B-B04C-928F48EDC301} = {58D2E070-E655-4A70-BA4C-4EE3A38CD531}
		{3E57ABCF-57BD-41B5-820D-9D4A7EFD8932} = {58D2E070-E655-4A70-BA4C-4EE3A38CD531}
		{7A63079A-C951-4D80-99CD-9C155F410738} = {3E57ABCF-57BD-41B5-820D-9D4A7EFD8932}
	EndGlobalSection
	GlobalSection(ExtensibilityGlobals) = postSolution
		SolutionGuid = {9361493E-13CE-4403-B47F-6F77D52DFAD6}
	EndGlobalSection
EndGlobal
